// !$*UTF8*$!
{
	archiveVersion = 1;
	classes = {
	};
	objectVersion = 56;
	objects = {

/* Begin PBXBuildFile section */
		44E7BDD22C176BA4000AE491 /* study_WidgetExampleApp.swift in Sources */ = {isa = PBXBuildFile; fileRef = 44E7BDD12C176BA4000AE491 /* study_WidgetExampleApp.swift */; };
		44E7BDD42C176BA4000AE491 /* ContentView.swift in Sources */ = {isa = PBXBuildFile; fileRef = 44E7BDD32C176BA4000AE491 /* ContentView.swift */; };
		44E7BDD62C176BA6000AE491 /* Assets.xcassets in Resources */ = {isa = PBXBuildFile; fileRef = 44E7BDD52C176BA6000AE491 /* Assets.xcassets */; };
		44E7BDD92C176BA6000AE491 /* Preview Assets.xcassets in Resources */ = {isa = PBXBuildFile; fileRef = 44E7BDD82C176BA6000AE491 /* Preview Assets.xcassets */; };
		44E7BDDB2C176BA6000AE491 /* Persistence.swift in Sources */ = {isa = PBXBuildFile; fileRef = 44E7BDDA2C176BA6000AE491 /* Persistence.swift */; };
		44E7BDDE2C176BA6000AE491 /* study_WidgetExample.xcdatamodeld in Sources */ = {isa = PBXBuildFile; fileRef = 44E7BDDC2C176BA6000AE491 /* study_WidgetExample.xcdatamodeld */; };
		44E7BDE82C176BA6000AE491 /* study_WidgetExampleTests.swift in Sources */ = {isa = PBXBuildFile; fileRef = 44E7BDE72C176BA6000AE491 /* study_WidgetExampleTests.swift */; };
		44E7BDF22C176BA6000AE491 /* study_WidgetExampleUITests.swift in Sources */ = {isa = PBXBuildFile; fileRef = 44E7BDF12C176BA6000AE491 /* study_WidgetExampleUITests.swift */; };
		44E7BDF42C176BA6000AE491 /* study_WidgetExampleUITestsLaunchTests.swift in Sources */ = {isa = PBXBuildFile; fileRef = 44E7BDF32C176BA6000AE491 /* study_WidgetExampleUITestsLaunchTests.swift */; };
/* End PBXBuildFile section */

/* Begin PBXContainerItemProxy section */
		44E7BDE42C176BA6000AE491 /* PBXContainerItemProxy */ = {
			isa = PBXContainerItemProxy;
			containerPortal = 44E7BDC62C176BA4000AE491 /* Project object */;
			proxyType = 1;
			remoteGlobalIDString = 44E7BDCD2C176BA4000AE491;
			remoteInfo = "study-WidgetExample";
		};
		44E7BDEE2C176BA6000AE491 /* PBXContainerItemProxy */ = {
			isa = PBXContainerItemProxy;
			containerPortal = 44E7BDC62C176BA4000AE491 /* Project object */;
			proxyType = 1;
			remoteGlobalIDString = 44E7BDCD2C176BA4000AE491;
			remoteInfo = "study-WidgetExample";
		};
/* End PBXContainerItemProxy section */

/* Begin PBXFileReference section */
		44E7BDCE2C176BA4000AE491 /* study-WidgetExample.app */ = {isa = PBXFileReference; explicitFileType = wrapper.application; includeInIndex = 0; path = "study-WidgetExample.app"; sourceTree = BUILT_PRODUCTS_DIR; };
		44E7BDD12C176BA4000AE491 /* study_WidgetExampleApp.swift */ = {isa = PBXFileReference; lastKnownFileType = sourcecode.swift; path = study_WidgetExampleApp.swift; sourceTree = "<group>"; };
		44E7BDD32C176BA4000AE491 /* ContentView.swift */ = {isa = PBXFileReference; lastKnownFileType = sourcecode.swift; path = ContentView.swift; sourceTree = "<group>"; };
		44E7BDD52C176BA6000AE491 /* Assets.xcassets */ = {isa = PBXFileReference; lastKnownFileType = folder.assetcatalog; path = Assets.xcassets; sourceTree = "<group>"; };
		44E7BDD82C176BA6000AE491 /* Preview Assets.xcassets */ = {isa = PBXFileReference; lastKnownFileType = folder.assetcatalog; path = "Preview Assets.xcassets"; sourceTree = "<group>"; };
		44E7BDDA2C176BA6000AE491 /* Persistence.swift */ = {isa = PBXFileReference; lastKnownFileType = sourcecode.swift; path = Persistence.swift; sourceTree = "<group>"; };
		44E7BDDD2C176BA6000AE491 /* study_WidgetExample.xcdatamodel */ = {isa = PBXFileReference; lastKnownFileType = wrapper.xcdatamodel; path = study_WidgetExample.xcdatamodel; sourceTree = "<group>"; };
		44E7BDE32C176BA6000AE491 /* study-WidgetExampleTests.xctest */ = {isa = PBXFileReference; explicitFileType = wrapper.cfbundle; includeInIndex = 0; path = "study-WidgetExampleTests.xctest"; sourceTree = BUILT_PRODUCTS_DIR; };
		44E7BDE72C176BA6000AE491 /* study_WidgetExampleTests.swift */ = {isa = PBXFileReference; lastKnownFileType = sourcecode.swift; path = study_WidgetExampleTests.swift; sourceTree = "<group>"; };
		44E7BDED2C176BA6000AE491 /* study-WidgetExampleUITests.xctest */ = {isa = PBXFileReference; explicitFileType = wrapper.cfbundle; includeInIndex = 0; path = "study-WidgetExampleUITests.xctest"; sourceTree = BUILT_PRODUCTS_DIR; };
		44E7BDF12C176BA6000AE491 /* study_WidgetExampleUITests.swift */ = {isa = PBXFileReference; lastKnownFileType = sourcecode.swift; path = study_WidgetExampleUITests.swift; sourceTree = "<group>"; };
		44E7BDF32C176BA6000AE491 /* study_WidgetExampleUITestsLaunchTests.swift */ = {isa = PBXFileReference; lastKnownFileType = sourcecode.swift; path = study_WidgetExampleUITestsLaunchTests.swift; sourceTree = "<group>"; };
/* End PBXFileReference section */

/* Begin PBXFrameworksBuildPhase section */
		44E7BDCB2C176BA4000AE491 /* Frameworks */ = {
			isa = PBXFrameworksBuildPhase;
			buildActionMask = 2147483647;
			files = (
			);
			runOnlyForDeploymentPostprocessing = 0;
		};
		44E7BDE02C176BA6000AE491 /* Frameworks */ = {
			isa = PBXFrameworksBuildPhase;
			buildActionMask = 2147483647;
			files = (
			);
			runOnlyForDeploymentPostprocessing = 0;
		};
		44E7BDEA2C176BA6000AE491 /* Frameworks */ = {
			isa = PBXFrameworksBuildPhase;
			buildActionMask = 2147483647;
			files = (
			);
			runOnlyForDeploymentPostprocessing = 0;
		};
/* End PBXFrameworksBuildPhase section */

/* Begin PBXGroup section */
		44E7BDC52C176BA4000AE491 = {
			isa = PBXGroup;
			children = (
				44E7BDD02C176BA4000AE491 /* study-WidgetExample */,
				44E7BDE62C176BA6000AE491 /* study-WidgetExampleTests */,
				44E7BDF02C176BA6000AE491 /* study-WidgetExampleUITests */,
				44E7BDCF2C176BA4000AE491 /* Products */,
			);
			sourceTree = "<group>";
		};
		44E7BDCF2C176BA4000AE491 /* Products */ = {
			isa = PBXGroup;
			children = (
				44E7BDCE2C176BA4000AE491 /* study-WidgetExample.app */,
				44E7BDE32C176BA6000AE491 /* study-WidgetExampleTests.xctest */,
				44E7BDED2C176BA6000AE491 /* study-WidgetExampleUITests.xctest */,
			);
			name = Products;
			sourceTree = "<group>";
		};
		44E7BDD02C176BA4000AE491 /* study-WidgetExample */ = {
			isa = PBXGroup;
			children = (
				44E7BDD12C176BA4000AE491 /* study_WidgetExampleApp.swift */,
				44E7BDD32C176BA4000AE491 /* ContentView.swift */,
				44E7BDD52C176BA6000AE491 /* Assets.xcassets */,
				44E7BDDA2C176BA6000AE491 /* Persistence.swift */,
				44E7BDDC2C176BA6000AE491 /* study_WidgetExample.xcdatamodeld */,
				44E7BDD72C176BA6000AE491 /* Preview Content */,
			);
			path = "study-WidgetExample";
			sourceTree = "<group>";
		};
		44E7BDD72C176BA6000AE491 /* Preview Content */ = {
			isa = PBXGroup;
			children = (
				44E7BDD82C176BA6000AE491 /* Preview Assets.xcassets */,
			);
			path = "Preview Content";
			sourceTree = "<group>";
		};
		44E7BDE62C176BA6000AE491 /* study-WidgetExampleTests */ = {
			isa = PBXGroup;
			children = (
				44E7BDE72C176BA6000AE491 /* study_WidgetExampleTests.swift */,
			);
			path = "study-WidgetExampleTests";
			sourceTree = "<group>";
		};
		44E7BDF02C176BA6000AE491 /* study-WidgetExampleUITests */ = {
			isa = PBXGroup;
			children = (
				44E7BDF12C176BA6000AE491 /* study_WidgetExampleUITests.swift */,
				44E7BDF32C176BA6000AE491 /* study_WidgetExampleUITestsLaunchTests.swift */,
			);
			path = "study-WidgetExampleUITests";
			sourceTree = "<group>";
		};
/* End PBXGroup section */

/* Begin PBXNativeTarget section */
		44E7BDCD2C176BA4000AE491 /* study-WidgetExample */ = {
			isa = PBXNativeTarget;
			buildConfigurationList = 44E7BDF72C176BA6000AE491 /* Build configuration list for PBXNativeTarget "study-WidgetExample" */;
			buildPhases = (
				44E7BDCA2C176BA4000AE491 /* Sources */,
				44E7BDCB2C176BA4000AE491 /* Frameworks */,
				44E7BDCC2C176BA4000AE491 /* Resources */,
			);
			buildRules = (
			);
			dependencies = (
			);
			name = "study-WidgetExample";
			productName = "study-WidgetExample";
			productReference = 44E7BDCE2C176BA4000AE491 /* study-WidgetExample.app */;
			productType = "com.apple.product-type.application";
		};
		44E7BDE22C176BA6000AE491 /* study-WidgetExampleTests */ = {
			isa = PBXNativeTarget;
			buildConfigurationList = 44E7BDFA2C176BA6000AE491 /* Build configuration list for PBXNativeTarget "study-WidgetExampleTests" */;
			buildPhases = (
				44E7BDDF2C176BA6000AE491 /* Sources */,
				44E7BDE02C176BA6000AE491 /* Frameworks */,
				44E7BDE12C176BA6000AE491 /* Resources */,
			);
			buildRules = (
			);
			dependencies = (
				44E7BDE52C176BA6000AE491 /* PBXTargetDependency */,
			);
			name = "study-WidgetExampleTests";
			productName = "study-WidgetExampleTests";
			productReference = 44E7BDE32C176BA6000AE491 /* study-WidgetExampleTests.xctest */;
			productType = "com.apple.product-type.bundle.unit-test";
		};
		44E7BDEC2C176BA6000AE491 /* study-WidgetExampleUITests */ = {
			isa = PBXNativeTarget;
			buildConfigurationList = 44E7BDFD2C176BA6000AE491 /* Build configuration list for PBXNativeTarget "study-WidgetExampleUITests" */;
			buildPhases = (
				44E7BDE92C176BA6000AE491 /* Sources */,
				44E7BDEA2C176BA6000AE491 /* Frameworks */,
				44E7BDEB2C176BA6000AE491 /* Resources */,
			);
			buildRules = (
			);
			dependencies = (
				44E7BDEF2C176BA6000AE491 /* PBXTargetDependency */,
			);
			name = "study-WidgetExampleUITests";
			productName = "study-WidgetExampleUITests";
			productReference = 44E7BDED2C176BA6000AE491 /* study-WidgetExampleUITests.xctest */;
			productType = "com.apple.product-type.bundle.ui-testing";
		};
/* End PBXNativeTarget section */

/* Begin PBXProject section */
		44E7BDC62C176BA4000AE491 /* Project object */ = {
			isa = PBXProject;
			attributes = {
				BuildIndependentTargetsInParallel = 1;
				LastSwiftUpdateCheck = 1540;
				LastUpgradeCheck = 1540;
				TargetAttributes = {
					44E7BDCD2C176BA4000AE491 = {
						CreatedOnToolsVersion = 15.4;
					};
					44E7BDE22C176BA6000AE491 = {
						CreatedOnToolsVersion = 15.4;
						TestTargetID = 44E7BDCD2C176BA4000AE491;
					};
					44E7BDEC2C176BA6000AE491 = {
						CreatedOnToolsVersion = 15.4;
						TestTargetID = 44E7BDCD2C176BA4000AE491;
					};
				};
			};
			buildConfigurationList = 44E7BDC92C176BA4000AE491 /* Build configuration list for PBXProject "study-WidgetExample" */;
			compatibilityVersion = "Xcode 14.0";
			developmentRegion = en;
			hasScannedForEncodings = 0;
			knownRegions = (
				en,
				Base,
			);
			mainGroup = 44E7BDC52C176BA4000AE491;
			productRefGroup = 44E7BDCF2C176BA4000AE491 /* Products */;
			projectDirPath = "";
			projectRoot = "";
			targets = (
				44E7BDCD2C176BA4000AE491 /* study-WidgetExample */,
				44E7BDE22C176BA6000AE491 /* study-WidgetExampleTests */,
				44E7BDEC2C176BA6000AE491 /* study-WidgetExampleUITests */,
			);
		};
/* End PBXProject section */

/* Begin PBXResourcesBuildPhase section */
		44E7BDCC2C176BA4000AE491 /* Resources */ = {
			isa = PBXResourcesBuildPhase;
			buildActionMask = 2147483647;
			files = (
				44E7BDD92C176BA6000AE491 /* Preview Assets.xcassets in Resources */,
				44E7BDD62C176BA6000AE491 /* Assets.xcassets in Resources */,
			);
			runOnlyForDeploymentPostprocessing = 0;
		};
		44E7BDE12C176BA6000AE491 /* Resources */ = {
			isa = PBXResourcesBuildPhase;
			buildActionMask = 2147483647;
			files = (
			);
			runOnlyForDeploymentPostprocessing = 0;
		};
		44E7BDEB2C176BA6000AE491 /* Resources */ = {
			isa = PBXResourcesBuildPhase;
			buildActionMask = 2147483647;
			files = (
			);
			runOnlyForDeploymentPostprocessing = 0;
		};
/* End PBXResourcesBuildPhase section */

/* Begin PBXSourcesBuildPhase section */
		44E7BDCA2C176BA4000AE491 /* Sources */ = {
			isa = PBXSourcesBuildPhase;
			buildActionMask = 2147483647;
			files = (
				44E7BDDE2C176BA6000AE491 /* study_WidgetExample.xcdatamodeld in Sources */,
				44E7BDDB2C176BA6000AE491 /* Persistence.swift in Sources */,
				44E7BDD42C176BA4000AE491 /* ContentView.swift in Sources */,
				44E7BDD22C176BA4000AE491 /* study_WidgetExampleApp.swift in Sources */,
			);
			runOnlyForDeploymentPostprocessing = 0;
		};
		44E7BDDF2C176BA6000AE491 /* Sources */ = {
			isa = PBXSourcesBuildPhase;
			buildActionMask = 2147483647;
			files = (
				44E7BDE82C176BA6000AE491 /* study_WidgetExampleTests.swift in Sources */,
			);
			runOnlyForDeploymentPostprocessing = 0;
		};
		44E7BDE92C176BA6000AE491 /* Sources */ = {
			isa = PBXSourcesBuildPhase;
			buildActionMask = 2147483647;
			files = (
				44E7BDF22C176BA6000AE491 /* study_WidgetExampleUITests.swift in Sources */,
				44E7BDF42C176BA6000AE491 /* study_WidgetExampleUITestsLaunchTests.swift in Sources */,
			);
			runOnlyForDeploymentPostprocessing = 0;
		};
/* End PBXSourcesBuildPhase section */

/* Begin PBXTargetDependency section */
		44E7BDE52C176BA6000AE491 /* PBXTargetDependency */ = {
			isa = PBXTargetDependency;
			target = 44E7BDCD2C176BA4000AE491 /* study-WidgetExample */;
			targetProxy = 44E7BDE42C176BA6000AE491 /* PBXContainerItemProxy */;
		};
		44E7BDEF2C176BA6000AE491 /* PBXTargetDependency */ = {
			isa = PBXTargetDependency;
			target = 44E7BDCD2C176BA4000AE491 /* study-WidgetExample */;
			targetProxy = 44E7BDEE2C176BA6000AE491 /* PBXContainerItemProxy */;
		};
/* End PBXTargetDependency section */

/* Begin XCBuildConfiguration section */
		44E7BDF52C176BA6000AE491 /* Debug */ = {
			isa = XCBuildConfiguration;
			buildSettings = {
				ALWAYS_SEARCH_USER_PATHS = NO;
				ASSETCATALOG_COMPILER_GENERATE_SWIFT_ASSET_SYMBOL_EXTENSIONS = YES;
				CLANG_ANALYZER_NONNULL = YES;
				CLANG_ANALYZER_NUMBER_OBJECT_CONVERSION = YES_AGGRESSIVE;
				CLANG_CXX_LANGUAGE_STANDARD = "gnu++20";
				CLANG_ENABLE_MODULES = YES;
				CLANG_ENABLE_OBJC_ARC = YES;
				CLANG_ENABLE_OBJC_WEAK = YES;
				CLANG_WARN_BLOCK_CAPTURE_AUTORELEASING = YES;
				CLANG_WARN_BOOL_CONVERSION = YES;
				CLANG_WARN_COMMA = YES;
				CLANG_WARN_CONSTANT_CONVERSION = YES;
				CLANG_WARN_DEPRECATED_OBJC_IMPLEMENTATIONS = YES;
				CLANG_WARN_DIRECT_OBJC_ISA_USAGE = YES_ERROR;
				CLANG_WARN_DOCUMENTATION_COMMENTS = YES;
				CLANG_WARN_EMPTY_BODY = YES;
				CLANG_WARN_ENUM_CONVERSION = YES;
				CLANG_WARN_INFINITE_RECURSION = YES;
				CLANG_WARN_INT_CONVERSION = YES;
				CLANG_WARN_NON_LITERAL_NULL_CONVERSION = YES;
				CLANG_WARN_OBJC_IMPLICIT_RETAIN_SELF = YES;
				CLANG_WARN_OBJC_LITERAL_CONVERSION = YES;
				CLANG_WARN_OBJC_ROOT_CLASS = YES_ERROR;
				CLANG_WARN_QUOTED_INCLUDE_IN_FRAMEWORK_HEADER = YES;
				CLANG_WARN_RANGE_LOOP_ANALYSIS = YES;
				CLANG_WARN_STRICT_PROTOTYPES = YES;
				CLANG_WARN_SUSPICIOUS_MOVE = YES;
				CLANG_WARN_UNGUARDED_AVAILABILITY = YES_AGGRESSIVE;
				CLANG_WARN_UNREACHABLE_CODE = YES;
				CLANG_WARN__DUPLICATE_METHOD_MATCH = YES;
				COPY_PHASE_STRIP = NO;
				DEBUG_INFORMATION_FORMAT = dwarf;
				ENABLE_STRICT_OBJC_MSGSEND = YES;
				ENABLE_TESTABILITY = YES;
				ENABLE_USER_SCRIPT_SANDBOXING = YES;
				GCC_C_LANGUAGE_STANDARD = gnu17;
				GCC_DYNAMIC_NO_PIC = NO;
				GCC_NO_COMMON_BLOCKS = YES;
				GCC_OPTIMIZATION_LEVEL = 0;
				GCC_PREPROCESSOR_DEFINITIONS = (
					"DEBUG=1",
					"$(inherited)",
				);
				GCC_WARN_64_TO_32_BIT_CONVERSION = YES;
				GCC_WARN_ABOUT_RETURN_TYPE = YES_ERROR;
				GCC_WARN_UNDECLARED_SELECTOR = YES;
				GCC_WARN_UNINITIALIZED_AUTOS = YES_AGGRESSIVE;
				GCC_WARN_UNUSED_FUNCTION = YES;
				GCC_WARN_UNUSED_VARIABLE = YES;
				IPHONEOS_DEPLOYMENT_TARGET = 17.5;
				LOCALIZATION_PREFERS_STRING_CATALOGS = YES;
				MTL_ENABLE_DEBUG_INFO = INCLUDE_SOURCE;
				MTL_FAST_MATH = YES;
				ONLY_ACTIVE_ARCH = YES;
				SDKROOT = iphoneos;
				SWIFT_ACTIVE_COMPILATION_CONDITIONS = "DEBUG $(inherited)";
				SWIFT_OPTIMIZATION_LEVEL = "-Onone";
			};
			name = Debug;
		};
		44E7BDF62C176BA6000AE491 /* Release */ = {
			isa = XCBuildConfiguration;
			buildSettings = {
				ALWAYS_SEARCH_USER_PATHS = NO;
				ASSETCATALOG_COMPILER_GENERATE_SWIFT_ASSET_SYMBOL_EXTENSIONS = YES;
				CLANG_ANALYZER_NONNULL = YES;
				CLANG_ANALYZER_NUMBER_OBJECT_CONVERSION = YES_AGGRESSIVE;
				CLANG_CXX_LANGUAGE_STANDARD = "gnu++20";
				CLANG_ENABLE_MODULES = YES;
				CLANG_ENABLE_OBJC_ARC = YES;
				CLANG_ENABLE_OBJC_WEAK = YES;
				CLANG_WARN_BLOCK_CAPTURE_AUTORELEASING = YES;
				CLANG_WARN_BOOL_CONVERSION = YES;
				CLANG_WARN_COMMA = YES;
				CLANG_WARN_CONSTANT_CONVERSION = YES;
				CLANG_WARN_DEPRECATED_OBJC_IMPLEMENTATIONS = YES;
				CLANG_WARN_DIRECT_OBJC_ISA_USAGE = YES_ERROR;
				CLANG_WARN_DOCUMENTATION_COMMENTS = YES;
				CLANG_WARN_EMPTY_BODY = YES;
				CLANG_WARN_ENUM_CONVERSION = YES;
				CLANG_WARN_INFINITE_RECURSION = YES;
				CLANG_WARN_INT_CONVERSION = YES;
				CLANG_WARN_NON_LITERAL_NULL_CONVERSION = YES;
				CLANG_WARN_OBJC_IMPLICIT_RETAIN_SELF = YES;
				CLANG_WARN_OBJC_LITERAL_CONVERSION = YES;
				CLANG_WARN_OBJC_ROOT_CLASS = YES_ERROR;
				CLANG_WARN_QUOTED_INCLUDE_IN_FRAMEWORK_HEADER = YES;
				CLANG_WARN_RANGE_LOOP_ANALYSIS = YES;
				CLANG_WARN_STRICT_PROTOTYPES = YES;
				CLANG_WARN_SUSPICIOUS_MOVE = YES;
				CLANG_WARN_UNGUARDED_AVAILABILITY = YES_AGGRESSIVE;
				CLANG_WARN_UNREACHABLE_CODE = YES;
				CLANG_WARN__DUPLICATE_METHOD_MATCH = YES;
				COPY_PHASE_STRIP = NO;
				DEBUG_INFORMATION_FORMAT = "dwarf-with-dsym";
				ENABLE_NS_ASSERTIONS = NO;
				ENABLE_STRICT_OBJC_MSGSEND = YES;
				ENABLE_USER_SCRIPT_SANDBOXING = YES;
				GCC_C_LANGUAGE_STANDARD = gnu17;
				GCC_NO_COMMON_BLOCKS = YES;
				GCC_WARN_64_TO_32_BIT_CONVERSION = YES;
				GCC_WARN_ABOUT_RETURN_TYPE = YES_ERROR;
				GCC_WARN_UNDECLARED_SELECTOR = YES;
				GCC_WARN_UNINITIALIZED_AUTOS = YES_AGGRESSIVE;
				GCC_WARN_UNUSED_FUNCTION = YES;
				GCC_WARN_UNUSED_VARIABLE = YES;
				IPHONEOS_DEPLOYMENT_TARGET = 17.5;
				LOCALIZATION_PREFERS_STRING_CATALOGS = YES;
				MTL_ENABLE_DEBUG_INFO = NO;
				MTL_FAST_MATH = YES;
				SDKROOT = iphoneos;
				SWIFT_COMPILATION_MODE = wholemodule;
				VALIDATE_PRODUCT = YES;
			};
			name = Release;
		};
		44E7BDF82C176BA6000AE491 /* Debug */ = {
			isa = XCBuildConfiguration;
			buildSettings = {
				ASSETCATALOG_COMPILER_APPICON_NAME = AppIcon;
				ASSETCATALOG_COMPILER_GLOBAL_ACCENT_COLOR_NAME = AccentColor;
				CODE_SIGN_STYLE = Automatic;
				CURRENT_PROJECT_VERSION = 1;
				DEVELOPMENT_ASSET_PATHS = "\"study-WidgetExample/Preview Content\"";
				DEVELOPMENT_TEAM = 6S2SA26VAN;
				ENABLE_PREVIEWS = YES;
				GENERATE_INFOPLIST_FILE = YES;
				INFOPLIST_KEY_UIApplicationSceneManifest_Generation = YES;
				INFOPLIST_KEY_UIApplicationSupportsIndirectInputEvents = YES;
				INFOPLIST_KEY_UILaunchScreen_Generation = YES;
				INFOPLIST_KEY_UISupportedInterfaceOrientations_iPad = "UIInterfaceOrientationPortrait UIInterfaceOrientationPortraitUpsideDown UIInterfaceOrientationLandscapeLeft UIInterfaceOrientationLandscapeRight";
				INFOPLIST_KEY_UISupportedInterfaceOrientations_iPhone = "UIInterfaceOrientationPortrait UIInterfaceOrientationLandscapeLeft UIInterfaceOrientationLandscapeRight";
				LD_RUNPATH_SEARCH_PATHS = (
					"$(inherited)",
					"@executable_path/Frameworks",
				);
				MARKETING_VERSION = 1.0;
				PRODUCT_BUNDLE_IDENTIFIER = "com.bgsmm.study-WidgetExample";
				PRODUCT_NAME = "$(TARGET_NAME)";
				SWIFT_EMIT_LOC_STRINGS = YES;
				SWIFT_VERSION = 5.0;
				TARGETED_DEVICE_FAMILY = "1,2";
			};
			name = Debug;
		};
		44E7BDF92C176BA6000AE491 /* Release */ = {
			isa = XCBuildConfiguration;
			buildSettings = {
				ASSETCATALOG_COMPILER_APPICON_NAME = AppIcon;
				ASSETCATALOG_COMPILER_GLOBAL_ACCENT_COLOR_NAME = AccentColor;
				CODE_SIGN_STYLE = Automatic;
				CURRENT_PROJECT_VERSION = 1;
				DEVELOPMENT_ASSET_PATHS = "\"study-WidgetExample/Preview Content\"";
				DEVELOPMENT_TEAM = 6S2SA26VAN;
				ENABLE_PREVIEWS = YES;
				GENERATE_INFOPLIST_FILE = YES;
				INFOPLIST_KEY_UIApplicationSceneManifest_Generation = YES;
				INFOPLIST_KEY_UIApplicationSupportsIndirectInputEvents = YES;
				INFOPLIST_KEY_UILaunchScreen_Generation = YES;
				INFOPLIST_KEY_UISupportedInterfaceOrientations_iPad = "UIInterfaceOrientationPortrait UIInterfaceOrientationPortraitUpsideDown UIInterfaceOrientationLandscapeLeft UIInterfaceOrientationLandscapeRight";
				INFOPLIST_KEY_UISupportedInterfaceOrientations_iPhone = "UIInterfaceOrientationPortrait UIInterfaceOrientationLandscapeLeft UIInterfaceOrientationLandscapeRight";
				LD_RUNPATH_SEARCH_PATHS = (
					"$(inherited)",
					"@executable_path/Frameworks",
				);
				MARKETING_VERSION = 1.0;
				PRODUCT_BUNDLE_IDENTIFIER = "com.bgsmm.study-WidgetExample";
				PRODUCT_NAME = "$(TARGET_NAME)";
				SWIFT_EMIT_LOC_STRINGS = YES;
				SWIFT_VERSION = 5.0;
				TARGETED_DEVICE_FAMILY = "1,2";
			};
			name = Release;
		};
		44E7BDFB2C176BA6000AE491 /* Debug */ = {
			isa = XCBuildConfiguration;
			buildSettings = {
				ALWAYS_EMBED_SWIFT_STANDARD_LIBRARIES = YES;
				BUNDLE_LOADER = "$(TEST_HOST)";
				CODE_SIGN_STYLE = Automatic;
				CURRENT_PROJECT_VERSION = 1;
				DEVELOPMENT_TEAM = 6S2SA26VAN;
				GENERATE_INFOPLIST_FILE = YES;
				IPHONEOS_DEPLOYMENT_TARGET = 17.5;
				MARKETING_VERSION = 1.0;
				PRODUCT_BUNDLE_IDENTIFIER = "com.bgsmm.study-WidgetExampleTests";
				PRODUCT_NAME = "$(TARGET_NAME)";
				SWIFT_EMIT_LOC_STRINGS = NO;
				SWIFT_VERSION = 5.0;
				TARGETED_DEVICE_FAMILY = "1,2";
				TEST_HOST = "$(BUILT_PRODUCTS_DIR)/study-WidgetExample.app/$(BUNDLE_EXECUTABLE_FOLDER_PATH)/study-WidgetExample";
			};
			name = Debug;
		};
		44E7BDFC2C176BA6000AE491 /* Release */ = {
			isa = XCBuildConfiguration;
			buildSettings = {
				ALWAYS_EMBED_SWIFT_STANDARD_LIBRARIES = YES;
				BUNDLE_LOADER = "$(TEST_HOST)";
				CODE_SIGN_STYLE = Automatic;
				CURRENT_PROJECT_VERSION = 1;
				DEVELOPMENT_TEAM = 6S2SA26VAN;
				GENERATE_INFOPLIST_FILE = YES;
				IPHONEOS_DEPLOYMENT_TARGET = 17.5;
				MARKETING_VERSION = 1.0;
				PRODUCT_BUNDLE_IDENTIFIER = "com.bgsmm.study-WidgetExampleTests";
				PRODUCT_NAME = "$(TARGET_NAME)";
				SWIFT_EMIT_LOC_STRINGS = NO;
				SWIFT_VERSION = 5.0;
				TARGETED_DEVICE_FAMILY = "1,2";
				TEST_HOST = "$(BUILT_PRODUCTS_DIR)/study-WidgetExample.app/$(BUNDLE_EXECUTABLE_FOLDER_PATH)/study-WidgetExample";
			};
			name = Release;
		};
		44E7BDFE2C176BA6000AE491 /* Debug */ = {
			isa = XCBuildConfiguration;
			buildSettings = {
				ALWAYS_EMBED_SWIFT_STANDARD_LIBRARIES = YES;
				CODE_SIGN_STYLE = Automatic;
				CURRENT_PROJECT_VERSION = 1;
				DEVELOPMENT_TEAM = 6S2SA26VAN;
				GENERATE_INFOPLIST_FILE = YES;
				MARKETING_VERSION = 1.0;
				PRODUCT_BUNDLE_IDENTIFIER = "com.bgsmm.study-WidgetExampleUITests";
				PRODUCT_NAME = "$(TARGET_NAME)";
				SWIFT_EMIT_LOC_STRINGS = NO;
				SWIFT_VERSION = 5.0;
				TARGETED_DEVICE_FAMILY = "1,2";
				TEST_TARGET_NAME = "study-WidgetExample";
			};
			name = Debug;
		};
		44E7BDFF2C176BA6000AE491 /* Release */ = {
			isa = XCBuildConfiguration;
			buildSettings = {
				ALWAYS_EMBED_SWIFT_STANDARD_LIBRARIES = YES;
				CODE_SIGN_STYLE = Automatic;
				CURRENT_PROJECT_VERSION = 1;
				DEVELOPMENT_TEAM = 6S2SA26VAN;
				GENERATE_INFOPLIST_FILE = YES;
				MARKETING_VERSION = 1.0;
				PRODUCT_BUNDLE_IDENTIFIER = "com.bgsmm.study-WidgetExampleUITests";
				PRODUCT_NAME = "$(TARGET_NAME)";
				SWIFT_EMIT_LOC_STRINGS = NO;
				SWIFT_VERSION = 5.0;
				TARGETED_DEVICE_FAMILY = "1,2";
				TEST_TARGET_NAME = "study-WidgetExample";
			};
			name = Release;
		};
/* End XCBuildConfiguration section */

/* Begin XCConfigurationList section */
		44E7BDC92C176BA4000AE491 /* Build configuration list for PBXProject "study-WidgetExample" */ = {
			isa = XCConfigurationList;
			buildConfigurations = (
				44E7BDF52C176BA6000AE491 /* Debug */,
				44E7BDF62C176BA6000AE491 /* Release */,
			);
			defaultConfigurationIsVisible = 0;
			defaultConfigurationName = Release;
		};
		44E7BDF72C176BA6000AE491 /* Build configuration list for PBXNativeTarget "study-WidgetExample" */ = {
			isa = XCConfigurationList;
			buildConfigurations = (
				44E7BDF82C176BA6000AE491 /* Debug */,
				44E7BDF92C176BA6000AE491 /* Release */,
			);
			defaultConfigurationIsVisible = 0;
			defaultConfigurationName = Release;
		};
		44E7BDFA2C176BA6000AE491 /* Build configuration list for PBXNativeTarget "study-WidgetExampleTests" */ = {
			isa = XCConfigurationList;
			buildConfigurations = (
				44E7BDFB2C176BA6000AE491 /* Debug */,
				44E7BDFC2C176BA6000AE491 /* Release */,
			);
			defaultConfigurationIsVisible = 0;
			defaultConfigurationName = Release;
		};
		44E7BDFD2C176BA6000AE491 /* Build configuration list for PBXNativeTarget "study-WidgetExampleUITests" */ = {
			isa = XCConfigurationList;
			buildConfigurations = (
				44E7BDFE2C176BA6000AE491 /* Debug */,
				44E7BDFF2C176BA6000AE491 /* Release */,
			);
			defaultConfigurationIsVisible = 0;
			defaultConfigurationName = Release;
		};
/* End XCConfigurationList section */

/* Begin XCVersionGroup section */
		44E7BDDC2C176BA6000AE491 /* study_WidgetExample.xcdatamodeld */ = {
			isa = XCVersionGroup;
			children = (
				44E7BDDD2C176BA6000AE491 /* study_WidgetExample.xcdatamodel */,
			);
			currentVersion = 44E7BDDD2C176BA6000AE491 /* study_WidgetExample.xcdatamodel */;
			path = study_WidgetExample.xcdatamodeld;
			sourceTree = "<group>";
			versionGroupType = wrapper.xcdatamodel;
		};
/* End XCVersionGroup section */
	};
	rootObject = 44E7BDC62C176BA4000AE491 /* Project object */;
}
